
Microsoft Visual Studio Solution File, Format Version 12.00
# Visual Studio Version 16
VisualStudioVersion = 16.0.32901.82
MinimumVisualStudioVersion = 10.0.40219.1
Project("{9A19103F-16F7-4668-BE54-9A1E7A4F7556}") = "BibliotekaKlas", "BibliotekaKlas\BibliotekaKlas.csproj", "{E01243AD-098A-4B16-9C96-AA50A8AE26BD}"
EndProject
Project("{FAE04EC0-301F-11D3-BF4B-00C04F79EFBC}") = "SzpitalGUI", "WindowsFormsApp1\SzpitalGUI.csproj", "{D972B527-7145-4D33-BC86-E6AA98EC4A62}"
EndProject
Global
	GlobalSection(SolutionConfigurationPlatforms) = preSolution
		Debug|Any CPU = Debug|Any CPU
		Release|Any CPU = Release|Any CPU
	EndGlobalSection
	GlobalSection(ProjectConfigurationPlatforms) = postSolution
		{E01243AD-098A-4B16-9C96-AA50A8AE26BD}.Debug|Any CPU.ActiveCfg = Debug|Any CPU
		{E01243AD-098A-4B16-9C96-AA50A8AE26BD}.Debug|Any CPU.Build.0 = Debug|Any CPU
		{E01243AD-098A-4B16-9C96-AA50A8AE26BD}.Release|Any CPU.ActiveCfg = Release|Any CPU
		{E01243AD-098A-4B16-9C96-AA50A8AE26BD}.Release|Any CPU.Build.0 = Release|Any CPU
		{D972B527-7145-4D33-BC86-E6AA98EC4A62}.Debug|Any CPU.ActiveCfg = Debug|Any CPU
		{D972B527-7145-4D33-BC86-E6AA98EC4A62}.Debug|Any CPU.Build.0 = Debug|Any CPU
		{D972B527-7145-4D33-BC86-E6AA98EC4A62}.Release|Any CPU.ActiveCfg = Release|Any CPU
		{D972B527-7145-4D33-BC86-E6AA98EC4A62}.Release|Any CPU.Build.0 = Release|Any CPU
	EndGlobalSection
	GlobalSection(SolutionProperties) = preSolution
		HideSolutionNode = FALSE
	EndGlobalSection
	GlobalSection(ExtensibilityGlobals) = postSolution
		SolutionGuid = {B9995769-D786-40DA-A520-B6126FF4FB59}
	EndGlobalSection
EndGlobal
